
Microsoft Visual Studio Solution File, Format Version 12.00
# Visual Studio 15
Project("{FAE04EC0-301F-11D3-BF4B-00C04F79EFBC}") = "Assembly-CSharp-firstpass", "Assembly-CSharp-firstpass.csproj", "{EBF97B91-DB42-D6B3-59CD-7E55B603B369}"
EndProject
Project("{FAE04EC0-301F-11D3-BF4B-00C04F79EFBC}") = "Assembly-CSharp", "Assembly-CSharp.csproj", "{583A7557-DE4D-72CC-B8A4-A4FDFBFF3C78}"
EndProject
Project("{FAE04EC0-301F-11D3-BF4B-00C04F79EFBC}") = "Assembly-CSharp-Editor-firstpass", "Assembly-CSharp-Editor-firstpass.csproj", "{DAFE87BB-4FFF-595F-5FE5-2ECC729137B8}"
EndProject
Global
	GlobalSection(SolutionConfigurationPlatforms) = preSolution
		Debug|Any CPU = Debug|Any CPU
		Release|Any CPU = Release|Any CPU
	EndGlobalSection
	GlobalSection(ProjectConfigurationPlatforms) = postSolution
		{EBF97B91-DB42-D6B3-59CD-7E55B603B369}.Debug|Any CPU.ActiveCfg = Debug|Any CPU
		{EBF97B91-DB42-D6B3-59CD-7E55B603B369}.Debug|Any CPU.Build.0 = Debug|Any CPU
		{EBF97B91-DB42-D6B3-59CD-7E55B603B369}.Release|Any CPU.ActiveCfg = Release|Any CPU
		{EBF97B91-DB42-D6B3-59CD-7E55B603B369}.Release|Any CPU.Build.0 = Release|Any CPU
		{583A7557-DE4D-72CC-B8A4-A4FDFBFF3C78}.Debug|Any CPU.ActiveCfg = Debug|Any CPU
		{583A7557-DE4D-72CC-B8A4-A4FDFBFF3C78}.Debug|Any CPU.Build.0 = Debug|Any CPU
		{583A7557-DE4D-72CC-B8A4-A4FDFBFF3C78}.Release|Any CPU.ActiveCfg = Release|Any CPU
		{583A7557-DE4D-72CC-B8A4-A4FDFBFF3C78}.Release|Any CPU.Build.0 = Release|Any CPU
		{DAFE87BB-4FFF-595F-5FE5-2ECC729137B8}.Debug|Any CPU.ActiveCfg = Debug|Any CPU
		{DAFE87BB-4FFF-595F-5FE5-2ECC729137B8}.Debug|Any CPU.Build.0 = Debug|Any CPU
		{DAFE87BB-4FFF-595F-5FE5-2ECC729137B8}.Release|Any CPU.ActiveCfg = Release|Any CPU
		{DAFE87BB-4FFF-595F-5FE5-2ECC729137B8}.Release|Any CPU.Build.0 = Release|Any CPU
	EndGlobalSection
	GlobalSection(SolutionProperties) = preSolution
		HideSolutionNode = FALSE
	EndGlobalSection
EndGlobal
